<?xml version="1.0" encoding="utf-8"?>
<Project ToolsVersion="4.0" xmlns="http://schemas.microsoft.com/developer/msbuild/2003">
  <ItemGroup>
    <Filter Include="Source Files">
      <UniqueIdentifier>{190de03b-ab6f-4a58-90dd-e7a2585d0207}</UniqueIdentifier>
    </Filter>
    <Filter Include="Header Files">
      <UniqueIdentifier>{a35f87cc-a8cf-425c-b1d6-1a3d7950905e}</UniqueIdentifier>
    </Filter>
    <Filter Include="Header Files\lib">
      <UniqueIdentifier>{66a6ece0-09e5-4618-b0bc-64f78f1644ad}</UniqueIdentifier>
    </Filter>
    <Filter Include="Source Files\lib">
      <UniqueIdentifier>{d81c79a9-6905-4658-9b01-d1c1ab61a4c3}</UniqueIdentifier>
    </Filter>
  </ItemGroup>
  <ItemGroup>
    <ClCompile Include="..\src\audio.cpp">
      <Filter>Source Files</Filter>
    </ClCompile>
    <ClCompile Include="..\src\graphics.cpp">
      <Filter>Source Files</Filter>
    </ClCompile>
    <ClCompile Include="..\src\input.cpp">
      <Filter>Source Files</Filter>
    </ClCompile>
    <ClCompile Include="..\src\network.cpp">
      <Filter>Source Files</Filter>
    </ClCompile>
    <ClCompile Include="..\src\strings.cpp">
      <Filter>Source Files</Filter>
    </ClCompile>
    <ClCompile Include="..\src\system.cpp">
      <Filter>Source Files</Filter>
    </ClCompile>
    <ClCompile Include="..\src\test.cpp">
      <Filter>Source Files</Filter>
    </ClCompile>
    <ClCompile Include="..\src\utils.cpp">
      <Filter>Source Files</Filter>
    </ClCompile>
    <ClCompile Include="..\src\window.cpp">
      <Filter>Source Files</Filter>
    </ClCompile>
    <ClCompile Include="..\src\logic.cpp">
      <Filter>Source Files</Filter>
    </ClCompile>
    <ClCompile Include="..\lib\getopt.c">
      <Filter>Source Files\lib</Filter>
    </ClCompile>
    <ClCompile Include="..\lib\glfl.cpp">
      <Filter>Source Files\lib</Filter>
    </ClCompile>
  </ItemGroup>
  <ItemGroup>
    <ClInclude Include="..\src\lib\al.h">
      <Filter>Header Files\lib</Filter>
    </ClInclude>
    <ClInclude Include="..\src\lib\gl.h">
      <Filter>Header Files\lib</Filter>
    </ClInclude>
    <ClInclude Include="..\src\lib\ogg.h">
      <Filter>Header Files\lib</Filter>
    </ClInclude>
    <ClInclude Include="..\src\lib\sdl.h">
      <Filter>Header Files\lib</Filter>
    </ClInclude>
    <ClInclude Include="..\src\lib\sdlimg.h">
      <Filter>Header Files\lib</Filter>
    </ClInclude>
    <ClInclude Include="..\src\lib\sdlnet.h">
      <Filter>Header Files\lib</Filter>
    </ClInclude>
    <ClInclude Include="..\src\lib\sdlttf.h">
      <Filter>Header Files\lib</Filter>
    </ClInclude>
    <ClInclude Include="..\src\lib\vorbis.h">
      <Filter>Header Files\lib</Filter>
    </ClInclude>
    <ClInclude Include="..\src\lib\z.h">
      <Filter>Header Files\lib</Filter>
    </ClInclude>
    <ClInclude Include="..\src\audio.h">
      <Filter>Header Files</Filter>
    </ClInclude>
    <ClInclude Include="..\src\exceptions.h">
      <Filter>Header Files</Filter>
    </ClInclude>
    <ClInclude Include="..\src\graphics.h">
      <Filter>Header Files</Filter>
    </ClInclude>
    <ClInclude Include="..\src\input.h">
      <Filter>Header Files</Filter>
    </ClInclude>
    <ClInclude Include="..\src\input_enums.h">
      <Filter>Header Files</Filter>
    </ClInclude>
    <ClInclude Include="..\src\os.h">
      <Filter>Header Files</Filter>
    </ClInclude>
    <ClInclude Include="..\src\math.h">
      <Filter>Header Files</Filter>
    </ClInclude>
    <ClInclude Include="..\src\master.h">
      <Filter>Header Files</Filter>
    </ClInclude>
    <ClInclude Include="..\src\network.h">
      <Filter>Header Files</Filter>
    </ClInclude>
    <ClInclude Include="..\src\renderer2d.h">
      <Filter>Header Files</Filter>
    </ClInclude>
    <ClInclude Include="..\src\strings.h">
      <Filter>Header Files</Filter>
    </ClInclude>
    <ClInclude Include="..\src\system.h">
      <Filter>Header Files</Filter>
    </ClInclude>
    <ClInclude Include="..\src\utils.h">
      <Filter>Header Files</Filter>
    </ClInclude>
    <ClInclude Include="..\src\window.h">
      <Filter>Header Files</Filter>
    </ClInclude>
  </ItemGroup>
</Project>